
Microsoft Visual Studio Solution File, Format Version 12.00
# Visual Studio Version 16
VisualStudioVersion = 16.0.30621.155
MinimumVisualStudioVersion = 10.0.40219.1
Project("{FAE04EC0-301F-11D3-BF4B-00C04F79EFBC}") = "CoreDemo", "CoreDemo.csproj", "{55E09103-EBFD-4F07-B6D6-B142EE9069C0}"
EndProject
Global
	GlobalSection(SolutionConfigurationPlatforms) = preSolution
		Debug|Any CPU = Debug|Any CPU
		Release|Any CPU = Release|Any CPU
	EndGlobalSection
	GlobalSection(ProjectConfigurationPlatforms) = postSolution
		{55E09103-EBFD-4F07-B6D6-B142EE9069C0}.Debug|Any CPU.ActiveCfg = Debug|Any CPU
		{55E09103-EBFD-4F07-B6D6-B142EE9069C0}.Debug|Any CPU.Build.0 = Debug|Any CPU
		{55E09103-EBFD-4F07-B6D6-B142EE9069C0}.Release|Any CPU.ActiveCfg = Release|Any CPU
		{55E09103-EBFD-4F07-B6D6-B142EE9069C0}.Release|Any CPU.Build.0 = Release|Any CPU
	EndGlobalSection
	GlobalSection(SolutionProperties) = preSolution
		HideSolutionNode = FALSE
	EndGlobalSection
	GlobalSection(ExtensibilityGlobals) = postSolution
		SolutionGuid = {FA6A9657-3ACB-4989-975E-783B35903265}
	EndGlobalSection
EndGlobal
